{
  "version": 4,
  "terraform_version": "0.14.3",
  "serial": 52,
  "lineage": "fb73fbf6-4d66-766a-8fff-c0f041680ce0",
  "outputs": {},
  "resources": [
    {
      "mode": "managed",
      "type": "aws_route53_zone",
      "name": "hycloud_zone",
      "provider": "provider[\"registry.terraform.io/hashicorp/aws\"]",
      "instances": [
        {
          "schema_version": 0,
          "attributes": {
            "comment": "Managed by Terraform",
            "delegation_set_id": "",
            "force_destroy": false,
            "id": "Z0520807IH49XFL7SP1J",
            "name": "neoageml.com",
            "name_servers": [
              "ns-1524.awsdns-62.org",
              "ns-1647.awsdns-13.co.uk",
              "ns-245.awsdns-30.com",
              "ns-941.awsdns-53.net"
            ],
            "tags": {
              "Name": "Hycloud_Zone"
            },
            "vpc": [],
            "zone_id": "Z0520807IH49XFL7SP1J"
          },
          "sensitive_attributes": []
        }
      ]
    }
  ]
}
